lockfileVersion: '9.0'

settings:
  autoInstallPeers: true
  excludeLinksFromLockfile: false

importers:

  .: {}

  apps/ai-sync: {}

  apps/dispatcher:
    devDependencies:
      '@cloudflare/workers-types':
        specifier: ^4.20260310.1
        version: 4.20260310.1

  apps/media-sync: {}

  apps/search-sync: {}

  packages/shared: {}

packages:

  '@cloudflare/workers-types@4.20260310.1':
    resolution: {integrity: sha512-Cg4gyGDtfimNMgBr2h06aGR5Bt8puUbblyzPNZN55mBfVYCTWwQiUd9PrbkcoddKrWHlsy0ACH/16dAeGf5BQg==}

snapshots:

  '@cloudflare/workers-types@4.20260310.1': {}
